// !$*UTF8*$!
{
	archiveVersion = 1;
	classes = {
	};
	objectVersion = 56;
	objects = {

/* Begin PBXBuildFile section */
		84016CFD2C8DA5A50015422D /* CivicMateAppApp.swift in Sources */ = {isa = PBXBuildFile; fileRef = 84016CFC2C8DA5A50015422D /* CivicMateAppApp.swift */; };
		84016CFF2C8DA5A50015422D /* ContentView.swift in Sources */ = {isa = PBXBuildFile; fileRef = 84016CFE2C8DA5A50015422D /* ContentView.swift */; };
		84016D012C8DA5A80015422D /* Assets.xcassets in Resources */ = {isa = PBXBuildFile; fileRef = 84016D002C8DA5A80015422D /* Assets.xcassets */; };
		84016D042C8DA5A80015422D /* Preview Assets.xcassets in Resources */ = {isa = PBXBuildFile; fileRef = 84016D032C8DA5A80015422D /* Preview Assets.xcassets */; };
		84016D0E2C8DA7430015422D /* CivicEducationView.swift in Sources */ = {isa = PBXBuildFile; fileRef = 84016D0D2C8DA7430015422D /* CivicEducationView.swift */; };
		84016D102C8DA75C0015422D /* CivicEngagementView.swift in Sources */ = {isa = PBXBuildFile; fileRef = 84016D0F2C8DA75C0015422D /* CivicEngagementView.swift */; };
		84016D122C8DA77A0015422D /* GovernmentServiceAssistantView.swift in Sources */ = {isa = PBXBuildFile; fileRef = 84016D112C8DA77A0015422D /* GovernmentServiceAssistantView.swift */; };
		84016D142C8DA7910015422D /* ProfileSettingsView.swift in Sources */ = {isa = PBXBuildFile; fileRef = 84016D132C8DA7910015422D /* ProfileSettingsView.swift */; };
		84016D1A2C8DA9470015422D /* WelcomeView.swift in Sources */ = {isa = PBXBuildFile; fileRef = 84016D192C8DA9470015422D /* WelcomeView.swift */; };
		84016D1C2C8DA9610015422D /* LoginView.swift in Sources */ = {isa = PBXBuildFile; fileRef = 84016D1B2C8DA9610015422D /* LoginView.swift */; };
		84016D1E2C8DA97C0015422D /* HomeView.swift in Sources */ = {isa = PBXBuildFile; fileRef = 84016D1D2C8DA97C0015422D /* HomeView.swift */; };
		84016D262C8DB5BC0015422D /* CivicGovernmentService.swift in Sources */ = {isa = PBXBuildFile; fileRef = 84016D252C8DB5BC0015422D /* CivicGovernmentService.swift */; };
		84016D282C8DB6080015422D /* CivicServiceDetailView.swift in Sources */ = {isa = PBXBuildFile; fileRef = 84016D272C8DB6080015422D /* CivicServiceDetailView.swift */; };
		84016D2A2C8DB66C0015422D /* CivicEducationModule.swift in Sources */ = {isa = PBXBuildFile; fileRef = 84016D292C8DB66C0015422D /* CivicEducationModule.swift */; };
		84016D2C2C8DB6900015422D /* CivicEngagementEvent.swift in Sources */ = {isa = PBXBuildFile; fileRef = 84016D2B2C8DB6900015422D /* CivicEngagementEvent.swift */; };
/* End PBXBuildFile section */

/* Begin PBXFileReference section */
		84016CF92C8DA5A50015422D /* CivicMateApp.app */ = {isa = PBXFileReference; explicitFileType = wrapper.application; includeInIndex = 0; path = CivicMateApp.app; sourceTree = BUILT_PRODUCTS_DIR; };
		84016CFC2C8DA5A50015422D /* CivicMateAppApp.swift */ = {isa = PBXFileReference; lastKnownFileType = sourcecode.swift; path = CivicMateAppApp.swift; sourceTree = "<group>"; };
		84016CFE2C8DA5A50015422D /* ContentView.swift */ = {isa = PBXFileReference; lastKnownFileType = sourcecode.swift; path = ContentView.swift; sourceTree = "<group>"; };
		84016D002C8DA5A80015422D /* Assets.xcassets */ = {isa = PBXFileReference; lastKnownFileType = folder.assetcatalog; path = Assets.xcassets; sourceTree = "<group>"; };
		84016D032C8DA5A80015422D /* Preview Assets.xcassets */ = {isa = PBXFileReference; lastKnownFileType = folder.assetcatalog; path = "Preview Assets.xcassets"; sourceTree = "<group>"; };
		84016D0D2C8DA7430015422D /* CivicEducationView.swift */ = {isa = PBXFileReference; lastKnownFileType = sourcecode.swift; path = CivicEducationView.swift; sourceTree = "<group>"; };
		84016D0F2C8DA75C0015422D /* CivicEngagementView.swift */ = {isa = PBXFileReference; lastKnownFileType = sourcecode.swift; path = CivicEngagementView.swift; sourceTree = "<group>"; };
		84016D112C8DA77A0015422D /* GovernmentServiceAssistantView.swift */ = {isa = PBXFileReference; lastKnownFileType = sourcecode.swift; path = GovernmentServiceAssistantView.swift; sourceTree = "<group>"; };
		84016D132C8DA7910015422D /* ProfileSettingsView.swift */ = {isa = PBXFileReference; lastKnownFileType = sourcecode.swift; path = ProfileSettingsView.swift; sourceTree = "<group>"; };
		84016D192C8DA9470015422D /* WelcomeView.swift */ = {isa = PBXFileReference; lastKnownFileType = sourcecode.swift; path = WelcomeView.swift; sourceTree = "<group>"; };
		84016D1B2C8DA9610015422D /* LoginView.swift */ = {isa = PBXFileReference; lastKnownFileType = sourcecode.swift; path = LoginView.swift; sourceTree = "<group>"; };
		84016D1D2C8DA97C0015422D /* HomeView.swift */ = {isa = PBXFileReference; lastKnownFileType = sourcecode.swift; path = HomeView.swift; sourceTree = "<group>"; };
		84016D252C8DB5BC0015422D /* CivicGovernmentService.swift */ = {isa = PBXFileReference; lastKnownFileType = sourcecode.swift; path = CivicGovernmentService.swift; sourceTree = "<group>"; };
		84016D272C8DB6080015422D /* CivicServiceDetailView.swift */ = {isa = PBXFileReference; lastKnownFileType = sourcecode.swift; path = CivicServiceDetailView.swift; sourceTree = "<group>"; };
		84016D292C8DB66C0015422D /* CivicEducationModule.swift */ = {isa = PBXFileReference; lastKnownFileType = sourcecode.swift; path = CivicEducationModule.swift; sourceTree = "<group>"; };
		84016D2B2C8DB6900015422D /* CivicEngagementEvent.swift */ = {isa = PBXFileReference; lastKnownFileType = sourcecode.swift; path = CivicEngagementEvent.swift; sourceTree = "<group>"; };
/* End PBXFileReference section */

/* Begin PBXFrameworksBuildPhase section */
		84016CF62C8DA5A50015422D /* Frameworks */ = {
			isa = PBXFrameworksBuildPhase;
			buildActionMask = 2147483647;
			files = (
			);
			runOnlyForDeploymentPostprocessing = 0;
		};
/* End PBXFrameworksBuildPhase section */

/* Begin PBXGroup section */
		84016CF02C8DA5A50015422D = {
			isa = PBXGroup;
			children = (
				84016CFB2C8DA5A50015422D /* CivicMateApp */,
				84016CFA2C8DA5A50015422D /* Products */,
			);
			sourceTree = "<group>";
		};
		84016CFA2C8DA5A50015422D /* Products */ = {
			isa = PBXGroup;
			children = (
				84016CF92C8DA5A50015422D /* CivicMateApp.app */,
			);
			name = Products;
			sourceTree = "<group>";
		};
		84016CFB2C8DA5A50015422D /* CivicMateApp */ = {
			isa = PBXGroup;
			children = (
				84016CFC2C8DA5A50015422D /* CivicMateAppApp.swift */,
				84016CFE2C8DA5A50015422D /* ContentView.swift */,
				84016D192C8DA9470015422D /* WelcomeView.swift */,
				84016D1B2C8DA9610015422D /* LoginView.swift */,
				84016D1D2C8DA97C0015422D /* HomeView.swift */,
				84016D0D2C8DA7430015422D /* CivicEducationView.swift */,
				84016D0F2C8DA75C0015422D /* CivicEngagementView.swift */,
				84016D292C8DB66C0015422D /* CivicEducationModule.swift */,
				84016D2B2C8DB6900015422D /* CivicEngagementEvent.swift */,
				84016D112C8DA77A0015422D /* GovernmentServiceAssistantView.swift */,
				84016D272C8DB6080015422D /* CivicServiceDetailView.swift */,
				84016D252C8DB5BC0015422D /* CivicGovernmentService.swift */,
				84016D132C8DA7910015422D /* ProfileSettingsView.swift */,
				84016D002C8DA5A80015422D /* Assets.xcassets */,
				84016D022C8DA5A80015422D /* Preview Content */,
			);
			path = CivicMateApp;
			sourceTree = "<group>";
		};
		84016D022C8DA5A80015422D /* Preview Content */ = {
			isa = PBXGroup;
			children = (
				84016D032C8DA5A80015422D /* Preview Assets.xcassets */,
			);
			path = "Preview Content";
			sourceTree = "<group>";
		};
/* End PBXGroup section */

/* Begin PBXNativeTarget section */
		84016CF82C8DA5A50015422D /* CivicMateApp */ = {
			isa = PBXNativeTarget;
			buildConfigurationList = 84016D072C8DA5A80015422D /* Build configuration list for PBXNativeTarget "CivicMateApp" */;
			buildPhases = (
				84016CF52C8DA5A50015422D /* Sources */,
				84016CF62C8DA5A50015422D /* Frameworks */,
				84016CF72C8DA5A50015422D /* Resources */,
			);
			buildRules = (
			);
			dependencies = (
			);
			name = CivicMateApp;
			productName = CivicMateApp;
			productReference = 84016CF92C8DA5A50015422D /* CivicMateApp.app */;
			productType = "com.apple.product-type.application";
		};
/* End PBXNativeTarget section */

/* Begin PBXProject section */
		84016CF12C8DA5A50015422D /* Project object */ = {
			isa = PBXProject;
			attributes = {
				BuildIndependentTargetsInParallel = 1;
				LastSwiftUpdateCheck = 1540;
				LastUpgradeCheck = 1540;
				TargetAttributes = {
					84016CF82C8DA5A50015422D = {
						CreatedOnToolsVersion = 15.4;
					};
				};
			};
			buildConfigurationList = 84016CF42C8DA5A50015422D /* Build configuration list for PBXProject "CivicMateApp" */;
			compatibilityVersion = "Xcode 14.0";
			developmentRegion = en;
			hasScannedForEncodings = 0;
			knownRegions = (
				en,
				Base,
			);
			mainGroup = 84016CF02C8DA5A50015422D;
			productRefGroup = 84016CFA2C8DA5A50015422D /* Products */;
			projectDirPath = "";
			projectRoot = "";
			targets = (
				84016CF82C8DA5A50015422D /* CivicMateApp */,
			);
		};
/* End PBXProject section */

/* Begin PBXResourcesBuildPhase section */
		84016CF72C8DA5A50015422D /* Resources */ = {
			isa = PBXResourcesBuildPhase;
			buildActionMask = 2147483647;
			files = (
				84016D042C8DA5A80015422D /* Preview Assets.xcassets in Resources */,
				84016D012C8DA5A80015422D /* Assets.xcassets in Resources */,
			);
			runOnlyForDeploymentPostprocessing = 0;
		};
/* End PBXResourcesBuildPhase section */

/* Begin PBXSourcesBuildPhase section */
		84016CF52C8DA5A50015422D /* Sources */ = {
			isa = PBXSourcesBuildPhase;
			buildActionMask = 2147483647;
			files = (
				84016D102C8DA75C0015422D /* CivicEngagementView.swift in Sources */,
				84016D0E2C8DA7430015422D /* CivicEducationView.swift in Sources */,
				84016CFF2C8DA5A50015422D /* ContentView.swift in Sources */,
				84016D2C2C8DB6900015422D /* CivicEngagementEvent.swift in Sources */,
				84016D262C8DB5BC0015422D /* CivicGovernmentService.swift in Sources */,
				84016D1A2C8DA9470015422D /* WelcomeView.swift in Sources */,
				84016D1E2C8DA97C0015422D /* HomeView.swift in Sources */,
				84016D142C8DA7910015422D /* ProfileSettingsView.swift in Sources */,
				84016CFD2C8DA5A50015422D /* CivicMateAppApp.swift in Sources */,
				84016D282C8DB6080015422D /* CivicServiceDetailView.swift in Sources */,
				84016D122C8DA77A0015422D /* GovernmentServiceAssistantView.swift in Sources */,
				84016D2A2C8DB66C0015422D /* CivicEducationModule.swift in Sources */,
				84016D1C2C8DA9610015422D /* LoginView.swift in Sources */,
			);
			runOnlyForDeploymentPostprocessing = 0;
		};
/* End PBXSourcesBuildPhase section */

/* Begin XCBuildConfiguration section */
		84016D052C8DA5A80015422D /* Debug */ = {
			isa = XCBuildConfiguration;
			buildSettings = {
				ALWAYS_SEARCH_USER_PATHS = NO;
				ASSETCATALOG_COMPILER_GENERATE_SWIFT_ASSET_SYMBOL_EXTENSIONS = YES;
				CLANG_ANALYZER_NONNULL = YES;
				CLANG_ANALYZER_NUMBER_OBJECT_CONVERSION = YES_AGGRESSIVE;
				CLANG_CXX_LANGUAGE_STANDARD = "gnu++20";
				CLANG_ENABLE_MODULES = YES;
				CLANG_ENABLE_OBJC_ARC = YES;
				CLANG_ENABLE_OBJC_WEAK = YES;
				CLANG_WARN_BLOCK_CAPTURE_AUTORELEASING = YES;
				CLANG_WARN_BOOL_CONVERSION = YES;
				CLANG_WARN_COMMA = YES;
				CLANG_WARN_CONSTANT_CONVERSION = YES;
				CLANG_WARN_DEPRECATED_OBJC_IMPLEMENTATIONS = YES;
				CLANG_WARN_DIRECT_OBJC_ISA_USAGE = YES_ERROR;
				CLANG_WARN_DOCUMENTATION_COMMENTS = YES;
				CLANG_WARN_EMPTY_BODY = YES;
				CLANG_WARN_ENUM_CONVERSION = YES;
				CLANG_WARN_INFINITE_RECURSION = YES;
				CLANG_WARN_INT_CONVERSION = YES;
				CLANG_WARN_NON_LITERAL_NULL_CONVERSION = YES;
				CLANG_WARN_OBJC_IMPLICIT_RETAIN_SELF = YES;
				CLANG_WARN_OBJC_LITERAL_CONVERSION = YES;
				CLANG_WARN_OBJC_ROOT_CLASS = YES_ERROR;
				CLANG_WARN_QUOTED_INCLUDE_IN_FRAMEWORK_HEADER = YES;
				CLANG_WARN_RANGE_LOOP_ANALYSIS = YES;
				CLANG_WARN_STRICT_PROTOTYPES = YES;
				CLANG_WARN_SUSPICIOUS_MOVE = YES;
				CLANG_WARN_UNGUARDED_AVAILABILITY = YES_AGGRESSIVE;
				CLANG_WARN_UNREACHABLE_CODE = YES;
				CLANG_WARN__DUPLICATE_METHOD_MATCH = YES;
				COPY_PHASE_STRIP = NO;
				DEBUG_INFORMATION_FORMAT = dwarf;
				ENABLE_STRICT_OBJC_MSGSEND = YES;
				ENABLE_TESTABILITY = YES;
				ENABLE_USER_SCRIPT_SANDBOXING = YES;
				GCC_C_LANGUAGE_STANDARD = gnu17;
				GCC_DYNAMIC_NO_PIC = NO;
				GCC_NO_COMMON_BLOCKS = YES;
				GCC_OPTIMIZATION_LEVEL = 0;
				GCC_PREPROCESSOR_DEFINITIONS = (
					"DEBUG=1",
					"$(inherited)",
				);
				GCC_WARN_64_TO_32_BIT_CONVERSION = YES;
				GCC_WARN_ABOUT_RETURN_TYPE = YES_ERROR;
				GCC_WARN_UNDECLARED_SELECTOR = YES;
				GCC_WARN_UNINITIALIZED_AUTOS = YES_AGGRESSIVE;
				GCC_WARN_UNUSED_FUNCTION = YES;
				GCC_WARN_UNUSED_VARIABLE = YES;
				IPHONEOS_DEPLOYMENT_TARGET = 17.5;
				LOCALIZATION_PREFERS_STRING_CATALOGS = YES;
				MTL_ENABLE_DEBUG_INFO = INCLUDE_SOURCE;
				MTL_FAST_MATH = YES;
				ONLY_ACTIVE_ARCH = YES;
				SDKROOT = iphoneos;
				SWIFT_ACTIVE_COMPILATION_CONDITIONS = "DEBUG $(inherited)";
				SWIFT_OPTIMIZATION_LEVEL = "-Onone";
			};
			name = Debug;
		};
		84016D062C8DA5A80015422D /* Release */ = {
			isa = XCBuildConfiguration;
			buildSettings = {
				ALWAYS_SEARCH_USER_PATHS = NO;
				ASSETCATALOG_COMPILER_GENERATE_SWIFT_ASSET_SYMBOL_EXTENSIONS = YES;
				CLANG_ANALYZER_NONNULL = YES;
				CLANG_ANALYZER_NUMBER_OBJECT_CONVERSION = YES_AGGRESSIVE;
				CLANG_CXX_LANGUAGE_STANDARD = "gnu++20";
				CLANG_ENABLE_MODULES = YES;
				CLANG_ENABLE_OBJC_ARC = YES;
				CLANG_ENABLE_OBJC_WEAK = YES;
				CLANG_WARN_BLOCK_CAPTURE_AUTORELEASING = YES;
				CLANG_WARN_BOOL_CONVERSION = YES;
				CLANG_WARN_COMMA = YES;
				CLANG_WARN_CONSTANT_CONVERSION = YES;
				CLANG_WARN_DEPRECATED_OBJC_IMPLEMENTATIONS = YES;
				CLANG_WARN_DIRECT_OBJC_ISA_USAGE = YES_ERROR;
				CLANG_WARN_DOCUMENTATION_COMMENTS = YES;
				CLANG_WARN_EMPTY_BODY = YES;
				CLANG_WARN_ENUM_CONVERSION = YES;
				CLANG_WARN_INFINITE_RECURSION = YES;
				CLANG_WARN_INT_CONVERSION = YES;
				CLANG_WARN_NON_LITERAL_NULL_CONVERSION = YES;
				CLANG_WARN_OBJC_IMPLICIT_RETAIN_SELF = YES;
				CLANG_WARN_OBJC_LITERAL_CONVERSION = YES;
				CLANG_WARN_OBJC_ROOT_CLASS = YES_ERROR;
				CLANG_WARN_QUOTED_INCLUDE_IN_FRAMEWORK_HEADER = YES;
				CLANG_WARN_RANGE_LOOP_ANALYSIS = YES;
				CLANG_WARN_STRICT_PROTOTYPES = YES;
				CLANG_WARN_SUSPICIOUS_MOVE = YES;
				CLANG_WARN_UNGUARDED_AVAILABILITY = YES_AGGRESSIVE;
				CLANG_WARN_UNREACHABLE_CODE = YES;
				CLANG_WARN__DUPLICATE_METHOD_MATCH = YES;
				COPY_PHASE_STRIP = NO;
				DEBUG_INFORMATION_FORMAT = "dwarf-with-dsym";
				ENABLE_NS_ASSERTIONS = NO;
				ENABLE_STRICT_OBJC_MSGSEND = YES;
				ENABLE_USER_SCRIPT_SANDBOXING = YES;
				GCC_C_LANGUAGE_STANDARD = gnu17;
				GCC_NO_COMMON_BLOCKS = YES;
				GCC_WARN_64_TO_32_BIT_CONVERSION = YES;
				GCC_WARN_ABOUT_RETURN_TYPE = YES_ERROR;
				GCC_WARN_UNDECLARED_SELECTOR = YES;
				GCC_WARN_UNINITIALIZED_AUTOS = YES_AGGRESSIVE;
				GCC_WARN_UNUSED_FUNCTION = YES;
				GCC_WARN_UNUSED_VARIABLE = YES;
				IPHONEOS_DEPLOYMENT_TARGET = 17.5;
				LOCALIZATION_PREFERS_STRING_CATALOGS = YES;
				MTL_ENABLE_DEBUG_INFO = NO;
				MTL_FAST_MATH = YES;
				SDKROOT = iphoneos;
				SWIFT_COMPILATION_MODE = wholemodule;
				VALIDATE_PRODUCT = YES;
			};
			name = Release;
		};
		84016D082C8DA5A80015422D /* Debug */ = {
			isa = XCBuildConfiguration;
			buildSettings = {
				ASSETCATALOG_COMPILER_APPICON_NAME = AppIcon;
				ASSETCATALOG_COMPILER_GLOBAL_ACCENT_COLOR_NAME = AccentColor;
				CODE_SIGN_STYLE = Automatic;
				CURRENT_PROJECT_VERSION = 1;
				DEVELOPMENT_ASSET_PATHS = "\"CivicMateApp/Preview Content\"";
				DEVELOPMENT_TEAM = JJJQ52UXNK;
				ENABLE_PREVIEWS = YES;
				GENERATE_INFOPLIST_FILE = YES;
				INFOPLIST_KEY_UIApplicationSceneManifest_Generation = YES;
				INFOPLIST_KEY_UIApplicationSupportsIndirectInputEvents = YES;
				INFOPLIST_KEY_UILaunchScreen_Generation = YES;
				INFOPLIST_KEY_UISupportedInterfaceOrientations_iPad = "UIInterfaceOrientationPortrait UIInterfaceOrientationPortraitUpsideDown UIInterfaceOrientationLandscapeLeft UIInterfaceOrientationLandscapeRight";
				INFOPLIST_KEY_UISupportedInterfaceOrientations_iPhone = "UIInterfaceOrientationPortrait UIInterfaceOrientationLandscapeLeft UIInterfaceOrientationLandscapeRight";
				LD_RUNPATH_SEARCH_PATHS = (
					"$(inherited)",
					"@executable_path/Frameworks",
				);
				MARKETING_VERSION = 1.0;
				PRODUCT_BUNDLE_IDENTIFIER = vu.com.sushil.CivicMateApp;
				PRODUCT_NAME = "$(TARGET_NAME)";
				SWIFT_EMIT_LOC_STRINGS = YES;
				SWIFT_VERSION = 5.0;
				TARGETED_DEVICE_FAMILY = "1,2";
			};
			name = Debug;
		};
		84016D092C8DA5A80015422D /* Release */ = {
			isa = XCBuildConfiguration;
			buildSettings = {
				ASSETCATALOG_COMPILER_APPICON_NAME = AppIcon;
				ASSETCATALOG_COMPILER_GLOBAL_ACCENT_COLOR_NAME = AccentColor;
				CODE_SIGN_STYLE = Automatic;
				CURRENT_PROJECT_VERSION = 1;
				DEVELOPMENT_ASSET_PATHS = "\"CivicMateApp/Preview Content\"";
				DEVELOPMENT_TEAM = JJJQ52UXNK;
				ENABLE_PREVIEWS = YES;
				GENERATE_INFOPLIST_FILE = YES;
				INFOPLIST_KEY_UIApplicationSceneManifest_Generation = YES;
				INFOPLIST_KEY_UIApplicationSupportsIndirectInputEvents = YES;
				INFOPLIST_KEY_UILaunchScreen_Generation = YES;
				INFOPLIST_KEY_UISupportedInterfaceOrientations_iPad = "UIInterfaceOrientationPortrait UIInterfaceOrientationPortraitUpsideDown UIInterfaceOrientationLandscapeLeft UIInterfaceOrientationLandscapeRight";
				INFOPLIST_KEY_UISupportedInterfaceOrientations_iPhone = "UIInterfaceOrientationPortrait UIInterfaceOrientationLandscapeLeft UIInterfaceOrientationLandscapeRight";
				LD_RUNPATH_SEARCH_PATHS = (
					"$(inherited)",
					"@executable_path/Frameworks",
				);
				MARKETING_VERSION = 1.0;
				PRODUCT_BUNDLE_IDENTIFIER = vu.com.sushil.CivicMateApp;
				PRODUCT_NAME = "$(TARGET_NAME)";
				SWIFT_EMIT_LOC_STRINGS = YES;
				SWIFT_VERSION = 5.0;
				TARGETED_DEVICE_FAMILY = "1,2";
			};
			name = Release;
		};
/* End XCBuildConfiguration section */

/* Begin XCConfigurationList section */
		84016CF42C8DA5A50015422D /* Build configuration list for PBXProject "CivicMateApp" */ = {
			isa = XCConfigurationList;
			buildConfigurations = (
				84016D052C8DA5A80015422D /* Debug */,
				84016D062C8DA5A80015422D /* Release */,
			);
			defaultConfigurationIsVisible = 0;
			defaultConfigurationName = Release;
		};
		84016D072C8DA5A80015422D /* Build configuration list for PBXNativeTarget "CivicMateApp" */ = {
			isa = XCConfigurationList;
			buildConfigurations = (
				84016D082C8DA5A80015422D /* Debug */,
				84016D092C8DA5A80015422D /* Release */,
			);
			defaultConfigurationIsVisible = 0;
			defaultConfigurationName = Release;
		};
/* End XCConfigurationList section */
	};
	rootObject = 84016CF12C8DA5A50015422D /* Project object */;
}
